
Microsoft Visual Studio Solution File, Format Version 12.00
# Visual Studio Version 17
VisualStudioVersion = 17.14.36908.2 d17.14
MinimumVisualStudioVersion = 10.0.40219.1
Project("{FAE04EC0-301F-11D3-BF4B-00C04F79EFBC}") = "ConverterWeb", "ConverterWeb\ConverterWeb.csproj", "{60C9BD53-BCEF-42F0-84E8-CD815F80CC18}"
EndProject
Global
	GlobalSection(SolutionConfigurationPlatforms) = preSolution
		Debug|Any CPU = Debug|Any CPU
		Release|Any CPU = Release|Any CPU
	EndGlobalSection
	GlobalSection(ProjectConfigurationPlatforms) = postSolution
		{60C9BD53-BCEF-42F0-84E8-CD815F80CC18}.Debug|Any CPU.ActiveCfg = Debug|Any CPU
		{60C9BD53-BCEF-42F0-84E8-CD815F80CC18}.Debug|Any CPU.Build.0 = Debug|Any CPU
		{60C9BD53-BCEF-42F0-84E8-CD815F80CC18}.Release|Any CPU.ActiveCfg = Release|Any CPU
		{60C9BD53-BCEF-42F0-84E8-CD815F80CC18}.Release|Any CPU.Build.0 = Release|Any CPU
	EndGlobalSection
	GlobalSection(SolutionProperties) = preSolution
		HideSolutionNode = FALSE
	EndGlobalSection
	GlobalSection(ExtensibilityGlobals) = postSolution
		SolutionGuid = {D68C0E6B-6101-4996-8997-53A80BE851B6}
	EndGlobalSection
EndGlobal
